
Microsoft Visual Studio Solution File, Format Version 12.00
Project("{FAE04EC0-301F-11D3-BF4B-00C04F79EFBC}") = "pylek", "pylek\pylek.csproj", "{2B620D52-0D92-4A3A-B166-CFB0BFAB610E}"
EndProject
Global
	GlobalSection(SolutionConfigurationPlatforms) = preSolution
		Debug|Any CPU = Debug|Any CPU
		Release|Any CPU = Release|Any CPU
	EndGlobalSection
	GlobalSection(ProjectConfigurationPlatforms) = postSolution
		{2B620D52-0D92-4A3A-B166-CFB0BFAB610E}.Debug|Any CPU.ActiveCfg = Debug|Any CPU
		{2B620D52-0D92-4A3A-B166-CFB0BFAB610E}.Debug|Any CPU.Build.0 = Debug|Any CPU
		{2B620D52-0D92-4A3A-B166-CFB0BFAB610E}.Release|Any CPU.ActiveCfg = Release|Any CPU
		{2B620D52-0D92-4A3A-B166-CFB0BFAB610E}.Release|Any CPU.Build.0 = Release|Any CPU
	EndGlobalSection
EndGlobal
